// !$*UTF8*$!
{
	archiveVersion = 1;
	classes = {
	};
	objectVersion = 51;
	objects = {

/* Begin PBXBuildFile section */
		CC1F619E200BCA4A3AB30C1E /* Pods_ECommerce.framework in Frameworks */ = {isa = PBXBuildFile; fileRef = 1195C37E85E080E1D960EF53 /* Pods_ECommerce.framework */; };
		E26E25E622E5699B00D1ADBB /* AppDelegate.swift in Sources */ = {isa = PBXBuildFile; fileRef = E26E25E522E5699B00D1ADBB /* AppDelegate.swift */; };
		E26E25EB22E5699B00D1ADBB /* Main.storyboard in Resources */ = {isa = PBXBuildFile; fileRef = E26E25E922E5699B00D1ADBB /* Main.storyboard */; };
		E26E25ED22E569A100D1ADBB /* Assets.xcassets in Resources */ = {isa = PBXBuildFile; fileRef = E26E25EC22E569A100D1ADBB /* Assets.xcassets */; };
		E26E25F022E569A100D1ADBB /* LaunchScreen.storyboard in Resources */ = {isa = PBXBuildFile; fileRef = E26E25EE22E569A100D1ADBB /* LaunchScreen.storyboard */; };
		E26E25FD22E569A100D1ADBB /* SignupViewController.swift in Sources */ = {isa = PBXBuildFile; fileRef = E26E25FC22E569A100D1ADBB /* SignupViewController.swift */; };
		E288773C22E9B0D9006B39AC /* MasterUser.swift in Sources */ = {isa = PBXBuildFile; fileRef = E288773B22E9B0D9006B39AC /* MasterUser.swift */; };
		E288773E22E9C364006B39AC /* Error.swift in Sources */ = {isa = PBXBuildFile; fileRef = E288773D22E9C364006B39AC /* Error.swift */; };
		E288774022E9DB4A006B39AC /* LoginViewController.swift in Sources */ = {isa = PBXBuildFile; fileRef = E288773F22E9DB4A006B39AC /* LoginViewController.swift */; };
		E288774222E9DE1A006B39AC /* SigninService.swift in Sources */ = {isa = PBXBuildFile; fileRef = E288774122E9DE1A006B39AC /* SigninService.swift */; };
		E288774422E9DE5F006B39AC /* BasicPresenterDelegate.swift in Sources */ = {isa = PBXBuildFile; fileRef = E288774322E9DE5F006B39AC /* BasicPresenterDelegate.swift */; };
		E288774622E9E211006B39AC /* SigninPresenter.swift in Sources */ = {isa = PBXBuildFile; fileRef = E288774522E9E211006B39AC /* SigninPresenter.swift */; };
		E28D5FE222EB413900469B8C /* ForgetPasswordViewController.swift in Sources */ = {isa = PBXBuildFile; fileRef = E28D5FE122EB413900469B8C /* ForgetPasswordViewController.swift */; };
		E28D5FE422EB445700469B8C /* SendResetPasswordService.swift in Sources */ = {isa = PBXBuildFile; fileRef = E28D5FE322EB445600469B8C /* SendResetPasswordService.swift */; };
		E28D5FE622EB48AF00469B8C /* SendResetPasswordPresenter.swift in Sources */ = {isa = PBXBuildFile; fileRef = E28D5FE522EB48AF00469B8C /* SendResetPasswordPresenter.swift */; };
		E28D5FE822EB5ABF00469B8C /* AddResetCodeViewController.swift in Sources */ = {isa = PBXBuildFile; fileRef = E28D5FE722EB5ABF00469B8C /* AddResetCodeViewController.swift */; };
		E293995322E7D3F0006B6645 /* FieldsChecker.swift in Sources */ = {isa = PBXBuildFile; fileRef = E293995222E7D3F0006B6645 /* FieldsChecker.swift */; };
		E293995522E7D4BE006B6645 /* Alerts.swift in Sources */ = {isa = PBXBuildFile; fileRef = E293995422E7D4BE006B6645 /* Alerts.swift */; };
		E293995922E7D842006B6645 /* SignupService.swift in Sources */ = {isa = PBXBuildFile; fileRef = E293995822E7D842006B6645 /* SignupService.swift */; };
		E293995D22E7DA05006B6645 /* Networking.swift in Sources */ = {isa = PBXBuildFile; fileRef = E293995C22E7DA05006B6645 /* Networking.swift */; };
		E293995F22E7DE74006B6645 /* User.swift in Sources */ = {isa = PBXBuildFile; fileRef = E293995E22E7DE74006B6645 /* User.swift */; };
		E293996122E7E06A006B6645 /* BasicViewDelegate.swift in Sources */ = {isa = PBXBuildFile; fileRef = E293996022E7E06A006B6645 /* BasicViewDelegate.swift */; };
		E293996322E7E0D4006B6645 /* SignupPresenter.swift in Sources */ = {isa = PBXBuildFile; fileRef = E293996222E7E0D4006B6645 /* SignupPresenter.swift */; };
		E297AED122E900C20071E934 /* SignupPresenterDelegate.swift in Sources */ = {isa = PBXBuildFile; fileRef = E297AED022E900C20071E934 /* SignupPresenterDelegate.swift */; };
		E2AE48EB22EC9FB8009FA8C1 /* Image.swift in Sources */ = {isa = PBXBuildFile; fileRef = E2AE48EA22EC9FB8009FA8C1 /* Image.swift */; };
		E2AE48ED22EC9FD6009FA8C1 /* Subcategory.swift in Sources */ = {isa = PBXBuildFile; fileRef = E2AE48EC22EC9FD6009FA8C1 /* Subcategory.swift */; };
		E2AE48EF22ECA02D009FA8C1 /* ProductItem.swift in Sources */ = {isa = PBXBuildFile; fileRef = E2AE48EE22ECA02D009FA8C1 /* ProductItem.swift */; };
		E2AE48F122ECA0C4009FA8C1 /* SideMenuCategory.swift in Sources */ = {isa = PBXBuildFile; fileRef = E2AE48F022ECA0C4009FA8C1 /* SideMenuCategory.swift */; };
		E2AE48F322ECA0E1009FA8C1 /* TopCategory.swift in Sources */ = {isa = PBXBuildFile; fileRef = E2AE48F222ECA0E1009FA8C1 /* TopCategory.swift */; };
		E2AE48F522ECA109009FA8C1 /* HomeData.swift in Sources */ = {isa = PBXBuildFile; fileRef = E2AE48F422ECA109009FA8C1 /* HomeData.swift */; };
		E2AE48F722ECA16E009FA8C1 /* GetHomeDataService.swift in Sources */ = {isa = PBXBuildFile; fileRef = E2AE48F622ECA16E009FA8C1 /* GetHomeDataService.swift */; };
		E2AE48F922ECA383009FA8C1 /* GetHomeDataPresenter.swift in Sources */ = {isa = PBXBuildFile; fileRef = E2AE48F822ECA383009FA8C1 /* GetHomeDataPresenter.swift */; };
		E2AE48FB22ECA8FE009FA8C1 /* HomeViewController.swift in Sources */ = {isa = PBXBuildFile; fileRef = E2AE48FA22ECA8FE009FA8C1 /* HomeViewController.swift */; };
		E2AE48FF22ECFC38009FA8C1 /* CategoryCollectionViewCell.xib in Resources */ = {isa = PBXBuildFile; fileRef = E2AE48FD22ECFC38009FA8C1 /* CategoryCollectionViewCell.xib */; };
		E2AE490122ECFDD5009FA8C1 /* CategoryCollectionViewCell.swift in Sources */ = {isa = PBXBuildFile; fileRef = E2AE490022ECFDD5009FA8C1 /* CategoryCollectionViewCell.swift */; };
		E2E69A6422EBA83500633BBA /* UpdatePasswordViewController.swift in Sources */ = {isa = PBXBuildFile; fileRef = E2E69A6322EBA83500633BBA /* UpdatePasswordViewController.swift */; };
		E2E69A6622EBAA4400633BBA /* ResetPasswordService.swift in Sources */ = {isa = PBXBuildFile; fileRef = E2E69A6522EBAA4300633BBA /* ResetPasswordService.swift */; };
		E2E69A6A22EBAEBF00633BBA /* ResetPasswordPresenter.swift in Sources */ = {isa = PBXBuildFile; fileRef = E2E69A6922EBAEBF00633BBA /* ResetPasswordPresenter.swift */; };
		E2FF1FEF22EC93A100C4F5E8 /* ItemCollectionViewCell.swift in Sources */ = {isa = PBXBuildFile; fileRef = E2FF1FED22EC93A100C4F5E8 /* ItemCollectionViewCell.swift */; };
		E2FF1FF022EC93A100C4F5E8 /* ItemCollectionViewCell.xib in Resources */ = {isa = PBXBuildFile; fileRef = E2FF1FEE22EC93A100C4F5E8 /* ItemCollectionViewCell.xib */; };
/* End PBXBuildFile section */

/* Begin PBXFileReference section */
		08F239EB803A0F7290C39C67 /* Pods-ECommerce.debug.xcconfig */ = {isa = PBXFileReference; includeInIndex = 1; lastKnownFileType = text.xcconfig; name = "Pods-ECommerce.debug.xcconfig"; path = "Target Support Files/Pods-ECommerce/Pods-ECommerce.debug.xcconfig"; sourceTree = "<group>"; };
		1195C37E85E080E1D960EF53 /* Pods_ECommerce.framework */ = {isa = PBXFileReference; explicitFileType = wrapper.framework; includeInIndex = 0; path = Pods_ECommerce.framework; sourceTree = BUILT_PRODUCTS_DIR; };
		E26E25E222E5699B00D1ADBB /* ECommerce.app */ = {isa = PBXFileReference; explicitFileType = wrapper.application; includeInIndex = 0; path = ECommerce.app; sourceTree = BUILT_PRODUCTS_DIR; };
		E26E25E522E5699B00D1ADBB /* AppDelegate.swift */ = {isa = PBXFileReference; lastKnownFileType = sourcecode.swift; path = AppDelegate.swift; sourceTree = "<group>"; };
		E26E25EA22E5699B00D1ADBB /* Base */ = {isa = PBXFileReference; lastKnownFileType = file.storyboard; name = Base; path = Base.lproj/Main.storyboard; sourceTree = "<group>"; };
		E26E25EC22E569A100D1ADBB /* Assets.xcassets */ = {isa = PBXFileReference; lastKnownFileType = folder.assetcatalog; path = Assets.xcassets; sourceTree = "<group>"; };
		E26E25EF22E569A100D1ADBB /* Base */ = {isa = PBXFileReference; lastKnownFileType = file.storyboard; name = Base; path = Base.lproj/LaunchScreen.storyboard; sourceTree = "<group>"; };
		E26E25F122E569A100D1ADBB /* Info.plist */ = {isa = PBXFileReference; lastKnownFileType = text.plist.xml; path = Info.plist; sourceTree = "<group>"; };
		E26E25FC22E569A100D1ADBB /* SignupViewController.swift */ = {isa = PBXFileReference; lastKnownFileType = sourcecode.swift; path = SignupViewController.swift; sourceTree = "<group>"; };
		E288773B22E9B0D9006B39AC /* MasterUser.swift */ = {isa = PBXFileReference; lastKnownFileType = sourcecode.swift; path = MasterUser.swift; sourceTree = "<group>"; };
		E288773D22E9C364006B39AC /* Error.swift */ = {isa = PBXFileReference; lastKnownFileType = sourcecode.swift; path = Error.swift; sourceTree = "<group>"; };
		E288773F22E9DB4A006B39AC /* LoginViewController.swift */ = {isa = PBXFileReference; lastKnownFileType = sourcecode.swift; path = LoginViewController.swift; sourceTree = "<group>"; };
		E288774122E9DE1A006B39AC /* SigninService.swift */ = {isa = PBXFileReference; lastKnownFileType = sourcecode.swift; path = SigninService.swift; sourceTree = "<group>"; };
		E288774322E9DE5F006B39AC /* BasicPresenterDelegate.swift */ = {isa = PBXFileReference; lastKnownFileType = sourcecode.swift; path = BasicPresenterDelegate.swift; sourceTree = "<group>"; };
		E288774522E9E211006B39AC /* SigninPresenter.swift */ = {isa = PBXFileReference; lastKnownFileType = sourcecode.swift; path = SigninPresenter.swift; sourceTree = "<group>"; };
		E28D5FE122EB413900469B8C /* ForgetPasswordViewController.swift */ = {isa = PBXFileReference; lastKnownFileType = sourcecode.swift; path = ForgetPasswordViewController.swift; sourceTree = "<group>"; };
		E28D5FE322EB445600469B8C /* SendResetPasswordService.swift */ = {isa = PBXFileReference; lastKnownFileType = sourcecode.swift; path = SendResetPasswordService.swift; sourceTree = "<group>"; };
		E28D5FE522EB48AF00469B8C /* SendResetPasswordPresenter.swift */ = {isa = PBXFileReference; lastKnownFileType = sourcecode.swift; path = SendResetPasswordPresenter.swift; sourceTree = "<group>"; };
		E28D5FE722EB5ABF00469B8C /* AddResetCodeViewController.swift */ = {isa = PBXFileReference; lastKnownFileType = sourcecode.swift; path = AddResetCodeViewController.swift; sourceTree = "<group>"; };
		E293995222E7D3F0006B6645 /* FieldsChecker.swift */ = {isa = PBXFileReference; lastKnownFileType = sourcecode.swift; path = FieldsChecker.swift; sourceTree = "<group>"; };
		E293995422E7D4BE006B6645 /* Alerts.swift */ = {isa = PBXFileReference; lastKnownFileType = sourcecode.swift; path = Alerts.swift; sourceTree = "<group>"; };
		E293995822E7D842006B6645 /* SignupService.swift */ = {isa = PBXFileReference; lastKnownFileType = sourcecode.swift; path = SignupService.swift; sourceTree = "<group>"; };
		E293995C22E7DA05006B6645 /* Networking.swift */ = {isa = PBXFileReference; lastKnownFileType = sourcecode.swift; path = Networking.swift; sourceTree = "<group>"; };
		E293995E22E7DE74006B6645 /* User.swift */ = {isa = PBXFileReference; lastKnownFileType = sourcecode.swift; path = User.swift; sourceTree = "<group>"; };
		E293996022E7E06A006B6645 /* BasicViewDelegate.swift */ = {isa = PBXFileReference; lastKnownFileType = sourcecode.swift; path = BasicViewDelegate.swift; sourceTree = "<group>"; };
		E293996222E7E0D4006B6645 /* SignupPresenter.swift */ = {isa = PBXFileReference; lastKnownFileType = sourcecode.swift; path = SignupPresenter.swift; sourceTree = "<group>"; };
		E297AED022E900C20071E934 /* SignupPresenterDelegate.swift */ = {isa = PBXFileReference; lastKnownFileType = sourcecode.swift; path = SignupPresenterDelegate.swift; sourceTree = "<group>"; };
		E2AE48EA22EC9FB8009FA8C1 /* Image.swift */ = {isa = PBXFileReference; lastKnownFileType = sourcecode.swift; path = Image.swift; sourceTree = "<group>"; };
		E2AE48EC22EC9FD6009FA8C1 /* Subcategory.swift */ = {isa = PBXFileReference; lastKnownFileType = sourcecode.swift; path = Subcategory.swift; sourceTree = "<group>"; };
		E2AE48EE22ECA02D009FA8C1 /* ProductItem.swift */ = {isa = PBXFileReference; lastKnownFileType = sourcecode.swift; path = ProductItem.swift; sourceTree = "<group>"; };
		E2AE48F022ECA0C4009FA8C1 /* SideMenuCategory.swift */ = {isa = PBXFileReference; lastKnownFileType = sourcecode.swift; path = SideMenuCategory.swift; sourceTree = "<group>"; };
		E2AE48F222ECA0E1009FA8C1 /* TopCategory.swift */ = {isa = PBXFileReference; lastKnownFileType = sourcecode.swift; path = TopCategory.swift; sourceTree = "<group>"; };
		E2AE48F422ECA109009FA8C1 /* HomeData.swift */ = {isa = PBXFileReference; lastKnownFileType = sourcecode.swift; path = HomeData.swift; sourceTree = "<group>"; };
		E2AE48F622ECA16E009FA8C1 /* GetHomeDataService.swift */ = {isa = PBXFileReference; lastKnownFileType = sourcecode.swift; path = GetHomeDataService.swift; sourceTree = "<group>"; };
		E2AE48F822ECA383009FA8C1 /* GetHomeDataPresenter.swift */ = {isa = PBXFileReference; lastKnownFileType = sourcecode.swift; path = GetHomeDataPresenter.swift; sourceTree = "<group>"; };
		E2AE48FA22ECA8FE009FA8C1 /* HomeViewController.swift */ = {isa = PBXFileReference; lastKnownFileType = sourcecode.swift; path = HomeViewController.swift; sourceTree = "<group>"; };
		E2AE48FD22ECFC38009FA8C1 /* CategoryCollectionViewCell.xib */ = {isa = PBXFileReference; lastKnownFileType = file.xib; path = CategoryCollectionViewCell.xib; sourceTree = "<group>"; };
		E2AE490022ECFDD5009FA8C1 /* CategoryCollectionViewCell.swift */ = {isa = PBXFileReference; lastKnownFileType = sourcecode.swift; path = CategoryCollectionViewCell.swift; sourceTree = "<group>"; };
		E2E69A6322EBA83500633BBA /* UpdatePasswordViewController.swift */ = {isa = PBXFileReference; lastKnownFileType = sourcecode.swift; path = UpdatePasswordViewController.swift; sourceTree = "<group>"; };
		E2E69A6522EBAA4300633BBA /* ResetPasswordService.swift */ = {isa = PBXFileReference; lastKnownFileType = sourcecode.swift; path = ResetPasswordService.swift; sourceTree = "<group>"; };
		E2E69A6922EBAEBF00633BBA /* ResetPasswordPresenter.swift */ = {isa = PBXFileReference; lastKnownFileType = sourcecode.swift; path = ResetPasswordPresenter.swift; sourceTree = "<group>"; };
		E2FF1FED22EC93A100C4F5E8 /* ItemCollectionViewCell.swift */ = {isa = PBXFileReference; lastKnownFileType = sourcecode.swift; path = ItemCollectionViewCell.swift; sourceTree = "<group>"; };
		E2FF1FEE22EC93A100C4F5E8 /* ItemCollectionViewCell.xib */ = {isa = PBXFileReference; lastKnownFileType = file.xib; path = ItemCollectionViewCell.xib; sourceTree = "<group>"; };
		F708C85DD401FA26A670B703 /* Pods-ECommerce.release.xcconfig */ = {isa = PBXFileReference; includeInIndex = 1; lastKnownFileType = text.xcconfig; name = "Pods-ECommerce.release.xcconfig"; path = "Target Support Files/Pods-ECommerce/Pods-ECommerce.release.xcconfig"; sourceTree = "<group>"; };
/* End PBXFileReference section */

/* Begin PBXFrameworksBuildPhase section */
		E26E25DF22E5699B00D1ADBB /* Frameworks */ = {
			isa = PBXFrameworksBuildPhase;
			buildActionMask = 2147483647;
			files = (
				CC1F619E200BCA4A3AB30C1E /* Pods_ECommerce.framework in Frameworks */,
			);
			runOnlyForDeploymentPostprocessing = 0;
		};
/* End PBXFrameworksBuildPhase section */

/* Begin PBXGroup section */
		486A88C391CC148796C1C352 /* Pods */ = {
			isa = PBXGroup;
			children = (
				08F239EB803A0F7290C39C67 /* Pods-ECommerce.debug.xcconfig */,
				F708C85DD401FA26A670B703 /* Pods-ECommerce.release.xcconfig */,
			);
			path = Pods;
			sourceTree = "<group>";
		};
		E26E25D922E5699B00D1ADBB = {
			isa = PBXGroup;
			children = (
				E26E25E422E5699B00D1ADBB /* ECommerce */,
				E26E25E322E5699B00D1ADBB /* Products */,
				486A88C391CC148796C1C352 /* Pods */,
				EE177C153A9F420F7E88093E /* Frameworks */,
			);
			sourceTree = "<group>";
		};
		E26E25E322E5699B00D1ADBB /* Products */ = {
			isa = PBXGroup;
			children = (
				E26E25E222E5699B00D1ADBB /* ECommerce.app */,
			);
			name = Products;
			sourceTree = "<group>";
		};
		E26E25E422E5699B00D1ADBB /* ECommerce */ = {
			isa = PBXGroup;
			children = (
				E2FF1FEC22EC936B00C4F5E8 /* ui */,
				E293995122E7D3CC006B6645 /* utils */,
				E26E25FB22E569A100D1ADBB /* presenter */,
				E26E25FA22E569A100D1ADBB /* model */,
				E26E25F922E569A100D1ADBB /* dataSource */,
				E26E25F822E569A100D1ADBB /* views */,
				E26E25E522E5699B00D1ADBB /* AppDelegate.swift */,
				E26E25E922E5699B00D1ADBB /* Main.storyboard */,
				E26E25EC22E569A100D1ADBB /* Assets.xcassets */,
				E26E25EE22E569A100D1ADBB /* LaunchScreen.storyboard */,
				E26E25F122E569A100D1ADBB /* Info.plist */,
			);
			path = ECommerce;
			sourceTree = "<group>";
		};
		E26E25F822E569A100D1ADBB /* views */ = {
			isa = PBXGroup;
			children = (
				E26E25FC22E569A100D1ADBB /* SignupViewController.swift */,
				E288773F22E9DB4A006B39AC /* LoginViewController.swift */,
				E28D5FE122EB413900469B8C /* ForgetPasswordViewController.swift */,
				E28D5FE722EB5ABF00469B8C /* AddResetCodeViewController.swift */,
				E2E69A6322EBA83500633BBA /* UpdatePasswordViewController.swift */,
				E2AE48FA22ECA8FE009FA8C1 /* HomeViewController.swift */,
			);
			name = views;
			sourceTree = "<group>";
		};
		E26E25F922E569A100D1ADBB /* dataSource */ = {
			isa = PBXGroup;
			children = (
				E293995822E7D842006B6645 /* SignupService.swift */,
				E297AED022E900C20071E934 /* SignupPresenterDelegate.swift */,
				E288774122E9DE1A006B39AC /* SigninService.swift */,
				E288774322E9DE5F006B39AC /* BasicPresenterDelegate.swift */,
				E28D5FE322EB445600469B8C /* SendResetPasswordService.swift */,
				E2E69A6522EBAA4300633BBA /* ResetPasswordService.swift */,
				E2AE48F622ECA16E009FA8C1 /* GetHomeDataService.swift */,
			);
			path = dataSource;
			sourceTree = "<group>";
		};
		E26E25FA22E569A100D1ADBB /* model */ = {
			isa = PBXGroup;
			children = (
				E293995E22E7DE74006B6645 /* User.swift */,
				E288773B22E9B0D9006B39AC /* MasterUser.swift */,
				E288773D22E9C364006B39AC /* Error.swift */,
				E2AE48EA22EC9FB8009FA8C1 /* Image.swift */,
				E2AE48EC22EC9FD6009FA8C1 /* Subcategory.swift */,
				E2AE48EE22ECA02D009FA8C1 /* ProductItem.swift */,
				E2AE48F022ECA0C4009FA8C1 /* SideMenuCategory.swift */,
				E2AE48F222ECA0E1009FA8C1 /* TopCategory.swift */,
				E2AE48F422ECA109009FA8C1 /* HomeData.swift */,
			);
			name = model;
			sourceTree = "<group>";
		};
		E26E25FB22E569A100D1ADBB /* presenter */ = {
			isa = PBXGroup;
			children = (
				E293996022E7E06A006B6645 /* BasicViewDelegate.swift */,
				E293996222E7E0D4006B6645 /* SignupPresenter.swift */,
				E288774522E9E211006B39AC /* SigninPresenter.swift */,
				E28D5FE522EB48AF00469B8C /* SendResetPasswordPresenter.swift */,
				E2E69A6922EBAEBF00633BBA /* ResetPasswordPresenter.swift */,
				E2AE48F822ECA383009FA8C1 /* GetHomeDataPresenter.swift */,
			);
			path = presenter;
			sourceTree = "<group>";
		};
		E293995122E7D3CC006B6645 /* utils */ = {
			isa = PBXGroup;
			children = (
				E293995222E7D3F0006B6645 /* FieldsChecker.swift */,
				E293995422E7D4BE006B6645 /* Alerts.swift */,
				E293995C22E7DA05006B6645 /* Networking.swift */,
			);
			name = utils;
			sourceTree = "<group>";
		};
		E2FF1FEC22EC936B00C4F5E8 /* ui */ = {
			isa = PBXGroup;
			children = (
				E2FF1FED22EC93A100C4F5E8 /* ItemCollectionViewCell.swift */,
				E2FF1FEE22EC93A100C4F5E8 /* ItemCollectionViewCell.xib */,
				E2AE490022ECFDD5009FA8C1 /* CategoryCollectionViewCell.swift */,
				E2AE48FD22ECFC38009FA8C1 /* CategoryCollectionViewCell.xib */,
			);
			path = ui;
			sourceTree = "<group>";
		};
		EE177C153A9F420F7E88093E /* Frameworks */ = {
			isa = PBXGroup;
			children = (
				1195C37E85E080E1D960EF53 /* Pods_ECommerce.framework */,
			);
			name = Frameworks;
			sourceTree = "<group>";
		};
/* End PBXGroup section */

/* Begin PBXNativeTarget section */
		E26E25E122E5699B00D1ADBB /* ECommerce */ = {
			isa = PBXNativeTarget;
			buildConfigurationList = E26E25F422E569A100D1ADBB /* Build configuration list for PBXNativeTarget "ECommerce" */;
			buildPhases = (
				27FA5EC2F1CCB8154F72BEA7 /* [CP] Check Pods Manifest.lock */,
				E26E25DE22E5699B00D1ADBB /* Sources */,
				E26E25DF22E5699B00D1ADBB /* Frameworks */,
				E26E25E022E5699B00D1ADBB /* Resources */,
				90C4B1031CF5DB35B351E54E /* [CP] Embed Pods Frameworks */,
			);
			buildRules = (
			);
			dependencies = (
			);
			name = ECommerce;
			productName = ECommerce;
			productReference = E26E25E222E5699B00D1ADBB /* ECommerce.app */;
			productType = "com.apple.product-type.application";
		};
/* End PBXNativeTarget section */

/* Begin PBXProject section */
		E26E25DA22E5699B00D1ADBB /* Project object */ = {
			isa = PBXProject;
			attributes = {
				LastSwiftUpdateCheck = 1020;
				LastUpgradeCheck = 1020;
				ORGANIZATIONNAME = "Ahmed Aboelela";
				TargetAttributes = {
					E26E25E122E5699B00D1ADBB = {
						CreatedOnToolsVersion = 10.2.1;
					};
				};
			};
			buildConfigurationList = E26E25DD22E5699B00D1ADBB /* Build configuration list for PBXProject "ECommerce" */;
			compatibilityVersion = "Xcode 9.3";
			developmentRegion = en;
			hasScannedForEncodings = 0;
			knownRegions = (
				en,
				Base,
			);
			mainGroup = E26E25D922E5699B00D1ADBB;
			productRefGroup = E26E25E322E5699B00D1ADBB /* Products */;
			projectDirPath = "";
			projectRoot = "";
			targets = (
				E26E25E122E5699B00D1ADBB /* ECommerce */,
			);
		};
/* End PBXProject section */

/* Begin PBXResourcesBuildPhase section */
		E26E25E022E5699B00D1ADBB /* Resources */ = {
			isa = PBXResourcesBuildPhase;
			buildActionMask = 2147483647;
			files = (
				E26E25F022E569A100D1ADBB /* LaunchScreen.storyboard in Resources */,
				E2AE48FF22ECFC38009FA8C1 /* CategoryCollectionViewCell.xib in Resources */,
				E2FF1FF022EC93A100C4F5E8 /* ItemCollectionViewCell.xib in Resources */,
				E26E25ED22E569A100D1ADBB /* Assets.xcassets in Resources */,
				E26E25EB22E5699B00D1ADBB /* Main.storyboard in Resources */,
			);
			runOnlyForDeploymentPostprocessing = 0;
		};
/* End PBXResourcesBuildPhase section */

/* Begin PBXShellScriptBuildPhase section */
		27FA5EC2F1CCB8154F72BEA7 /* [CP] Check Pods Manifest.lock */ = {
			isa = PBXShellScriptBuildPhase;
			buildActionMask = 2147483647;
			files = (
			);
			inputFileListPaths = (
			);
			inputPaths = (
				"${PODS_PODFILE_DIR_PATH}/Podfile.lock",
				"${PODS_ROOT}/Manifest.lock",
			);
			name = "[CP] Check Pods Manifest.lock";
			outputFileListPaths = (
			);
			outputPaths = (
				"$(DERIVED_FILE_DIR)/Pods-ECommerce-checkManifestLockResult.txt",
			);
			runOnlyForDeploymentPostprocessing = 0;
			shellPath = /bin/sh;
			shellScript = "diff \"${PODS_PODFILE_DIR_PATH}/Podfile.lock\" \"${PODS_ROOT}/Manifest.lock\" > /dev/null\nif [ $? != 0 ] ; then\n    # print error to STDERR\n    echo \"error: The sandbox is not in sync with the Podfile.lock. Run 'pod install' or update your CocoaPods installation.\" >&2\n    exit 1\nfi\n# This output is used by Xcode 'outputs' to avoid re-running this script phase.\necho \"SUCCESS\" > \"${SCRIPT_OUTPUT_FILE_0}\"\n";
			showEnvVarsInLog = 0;
		};
		90C4B1031CF5DB35B351E54E /* [CP] Embed Pods Frameworks */ = {
			isa = PBXShellScriptBuildPhase;
			buildActionMask = 2147483647;
			files = (
			);
			inputFileListPaths = (
				"${PODS_ROOT}/Target Support Files/Pods-ECommerce/Pods-ECommerce-frameworks-${CONFIGURATION}-input-files.xcfilelist",
			);
			name = "[CP] Embed Pods Frameworks";
			outputFileListPaths = (
				"${PODS_ROOT}/Target Support Files/Pods-ECommerce/Pods-ECommerce-frameworks-${CONFIGURATION}-output-files.xcfilelist",
			);
			runOnlyForDeploymentPostprocessing = 0;
			shellPath = /bin/sh;
			shellScript = "\"${PODS_ROOT}/Target Support Files/Pods-ECommerce/Pods-ECommerce-frameworks.sh\"\n";
			showEnvVarsInLog = 0;
		};
/* End PBXShellScriptBuildPhase section */

/* Begin PBXSourcesBuildPhase section */
		E26E25DE22E5699B00D1ADBB /* Sources */ = {
			isa = PBXSourcesBuildPhase;
			buildActionMask = 2147483647;
			files = (
				E288774622E9E211006B39AC /* SigninPresenter.swift in Sources */,
				E26E25FD22E569A100D1ADBB /* SignupViewController.swift in Sources */,
				E28D5FE822EB5ABF00469B8C /* AddResetCodeViewController.swift in Sources */,
				E288774222E9DE1A006B39AC /* SigninService.swift in Sources */,
				E2AE48ED22EC9FD6009FA8C1 /* Subcategory.swift in Sources */,
				E293995322E7D3F0006B6645 /* FieldsChecker.swift in Sources */,
				E28D5FE622EB48AF00469B8C /* SendResetPasswordPresenter.swift in Sources */,
				E293995522E7D4BE006B6645 /* Alerts.swift in Sources */,
				E293995922E7D842006B6645 /* SignupService.swift in Sources */,
				E288773E22E9C364006B39AC /* Error.swift in Sources */,
				E293995F22E7DE74006B6645 /* User.swift in Sources */,
				E28D5FE422EB445700469B8C /* SendResetPasswordService.swift in Sources */,
				E2AE48F722ECA16E009FA8C1 /* GetHomeDataService.swift in Sources */,
				E2E69A6422EBA83500633BBA /* UpdatePasswordViewController.swift in Sources */,
				E2E69A6622EBAA4400633BBA /* ResetPasswordService.swift in Sources */,
				E2AE48F522ECA109009FA8C1 /* HomeData.swift in Sources */,
				E2AE48F922ECA383009FA8C1 /* GetHomeDataPresenter.swift in Sources */,
				E297AED122E900C20071E934 /* SignupPresenterDelegate.swift in Sources */,
				E28D5FE222EB413900469B8C /* ForgetPasswordViewController.swift in Sources */,
				E288774422E9DE5F006B39AC /* BasicPresenterDelegate.swift in Sources */,
				E2AE490122ECFDD5009FA8C1 /* CategoryCollectionViewCell.swift in Sources */,
				E2AE48F322ECA0E1009FA8C1 /* TopCategory.swift in Sources */,
				E288773C22E9B0D9006B39AC /* MasterUser.swift in Sources */,
				E26E25E622E5699B00D1ADBB /* AppDelegate.swift in Sources */,
				E2E69A6A22EBAEBF00633BBA /* ResetPasswordPresenter.swift in Sources */,
				E293996322E7E0D4006B6645 /* SignupPresenter.swift in Sources */,
				E2AE48EF22ECA02D009FA8C1 /* ProductItem.swift in Sources */,
				E293995D22E7DA05006B6645 /* Networking.swift in Sources */,
				E2FF1FEF22EC93A100C4F5E8 /* ItemCollectionViewCell.swift in Sources */,
				E288774022E9DB4A006B39AC /* LoginViewController.swift in Sources */,
				E2AE48FB22ECA8FE009FA8C1 /* HomeViewController.swift in Sources */,
				E2AE48F122ECA0C4009FA8C1 /* SideMenuCategory.swift in Sources */,
				E293996122E7E06A006B6645 /* BasicViewDelegate.swift in Sources */,
				E2AE48EB22EC9FB8009FA8C1 /* Image.swift in Sources */,
			);
			runOnlyForDeploymentPostprocessing = 0;
		};
/* End PBXSourcesBuildPhase section */

/* Begin PBXVariantGroup section */
		E26E25E922E5699B00D1ADBB /* Main.storyboard */ = {
			isa = PBXVariantGroup;
			children = (
				E26E25EA22E5699B00D1ADBB /* Base */,
			);
			name = Main.storyboard;
			sourceTree = "<group>";
		};
		E26E25EE22E569A100D1ADBB /* LaunchScreen.storyboard */ = {
			isa = PBXVariantGroup;
			children = (
				E26E25EF22E569A100D1ADBB /* Base */,
			);
			name = LaunchScreen.storyboard;
			sourceTree = "<group>";
		};
/* End PBXVariantGroup section */

/* Begin XCBuildConfiguration section */
		E26E25F222E569A100D1ADBB /* Debug */ = {
			isa = XCBuildConfiguration;
			buildSettings = {
				ALWAYS_SEARCH_USER_PATHS = NO;
				CLANG_ANALYZER_NONNULL = YES;
				CLANG_ANALYZER_NUMBER_OBJECT_CONVERSION = YES_AGGRESSIVE;
				CLANG_CXX_LANGUAGE_STANDARD = "gnu++14";
				CLANG_CXX_LIBRARY = "libc++";
				CLANG_ENABLE_MODULES = YES;
				CLANG_ENABLE_OBJC_ARC = YES;
				CLANG_ENABLE_OBJC_WEAK = YES;
				CLANG_WARN_BLOCK_CAPTURE_AUTORELEASING = YES;
				CLANG_WARN_BOOL_CONVERSION = YES;
				CLANG_WARN_COMMA = YES;
				CLANG_WARN_CONSTANT_CONVERSION = YES;
				CLANG_WARN_DEPRECATED_OBJC_IMPLEMENTATIONS = YES;
				CLANG_WARN_DIRECT_OBJC_ISA_USAGE = YES_ERROR;
				CLANG_WARN_DOCUMENTATION_COMMENTS = YES;
				CLANG_WARN_EMPTY_BODY = YES;
				CLANG_WARN_ENUM_CONVERSION = YES;
				CLANG_WARN_INFINITE_RECURSION = YES;
				CLANG_WARN_INT_CONVERSION = YES;
				CLANG_WARN_NON_LITERAL_NULL_CONVERSION = YES;
				CLANG_WARN_OBJC_IMPLICIT_RETAIN_SELF = YES;
				CLANG_WARN_OBJC_LITERAL_CONVERSION = YES;
				CLANG_WARN_OBJC_ROOT_CLASS = YES_ERROR;
				CLANG_WARN_RANGE_LOOP_ANALYSIS = YES;
				CLANG_WARN_STRICT_PROTOTYPES = YES;
				CLANG_WARN_SUSPICIOUS_MOVE = YES;
				CLANG_WARN_UNGUARDED_AVAILABILITY = YES_AGGRESSIVE;
				CLANG_WARN_UNREACHABLE_CODE = YES;
				CLANG_WARN__DUPLICATE_METHOD_MATCH = YES;
				CODE_SIGN_IDENTITY = "iPhone Developer";
				COPY_PHASE_STRIP = NO;
				DEBUG_INFORMATION_FORMAT = dwarf;
				ENABLE_STRICT_OBJC_MSGSEND = YES;
				ENABLE_TESTABILITY = YES;
				GCC_C_LANGUAGE_STANDARD = gnu11;
				GCC_DYNAMIC_NO_PIC = NO;
				GCC_NO_COMMON_BLOCKS = YES;
				GCC_OPTIMIZATION_LEVEL = 0;
				GCC_PREPROCESSOR_DEFINITIONS = (
					"DEBUG=1",
					"$(inherited)",
				);
				GCC_WARN_64_TO_32_BIT_CONVERSION = YES;
				GCC_WARN_ABOUT_RETURN_TYPE = YES_ERROR;
				GCC_WARN_UNDECLARED_SELECTOR = YES;
				GCC_WARN_UNINITIALIZED_AUTOS = YES_AGGRESSIVE;
				GCC_WARN_UNUSED_FUNCTION = YES;
				GCC_WARN_UNUSED_VARIABLE = YES;
				IPHONEOS_DEPLOYMENT_TARGET = 12.2;
				MTL_ENABLE_DEBUG_INFO = INCLUDE_SOURCE;
				MTL_FAST_MATH = YES;
				ONLY_ACTIVE_ARCH = YES;
				SDKROOT = iphoneos;
				SWIFT_ACTIVE_COMPILATION_CONDITIONS = DEBUG;
				SWIFT_OPTIMIZATION_LEVEL = "-Onone";
			};
			name = Debug;
		};
		E26E25F322E569A100D1ADBB /* Release */ = {
			isa = XCBuildConfiguration;
			buildSettings = {
				ALWAYS_SEARCH_USER_PATHS = NO;
				CLANG_ANALYZER_NONNULL = YES;
				CLANG_ANALYZER_NUMBER_OBJECT_CONVERSION = YES_AGGRESSIVE;
				CLANG_CXX_LANGUAGE_STANDARD = "gnu++14";
				CLANG_CXX_LIBRARY = "libc++";
				CLANG_ENABLE_MODULES = YES;
				CLANG_ENABLE_OBJC_ARC = YES;
				CLANG_ENABLE_OBJC_WEAK = YES;
				CLANG_WARN_BLOCK_CAPTURE_AUTORELEASING = YES;
				CLANG_WARN_BOOL_CONVERSION = YES;
				CLANG_WARN_COMMA = YES;
				CLANG_WARN_CONSTANT_CONVERSION = YES;
				CLANG_WARN_DEPRECATED_OBJC_IMPLEMENTATIONS = YES;
				CLANG_WARN_DIRECT_OBJC_ISA_USAGE = YES_ERROR;
				CLANG_WARN_DOCUMENTATION_COMMENTS = YES;
				CLANG_WARN_EMPTY_BODY = YES;
				CLANG_WARN_ENUM_CONVERSION = YES;
				CLANG_WARN_INFINITE_RECURSION = YES;
				CLANG_WARN_INT_CONVERSION = YES;
				CLANG_WARN_NON_LITERAL_NULL_CONVERSION = YES;
				CLANG_WARN_OBJC_IMPLICIT_RETAIN_SELF = YES;
				CLANG_WARN_OBJC_LITERAL_CONVERSION = YES;
				CLANG_WARN_OBJC_ROOT_CLASS = YES_ERROR;
				CLANG_WARN_RANGE_LOOP_ANALYSIS = YES;
				CLANG_WARN_STRICT_PROTOTYPES = YES;
				CLANG_WARN_SUSPICIOUS_MOVE = YES;
				CLANG_WARN_UNGUARDED_AVAILABILITY = YES_AGGRESSIVE;
				CLANG_WARN_UNREACHABLE_CODE = YES;
				CLANG_WARN__DUPLICATE_METHOD_MATCH = YES;
				CODE_SIGN_IDENTITY = "iPhone Developer";
				COPY_PHASE_STRIP = NO;
				DEBUG_INFORMATION_FORMAT = "dwarf-with-dsym";
				ENABLE_NS_ASSERTIONS = NO;
				ENABLE_STRICT_OBJC_MSGSEND = YES;
				GCC_C_LANGUAGE_STANDARD = gnu11;
				GCC_NO_COMMON_BLOCKS = YES;
				GCC_WARN_64_TO_32_BIT_CONVERSION = YES;
				GCC_WARN_ABOUT_RETURN_TYPE = YES_ERROR;
				GCC_WARN_UNDECLARED_SELECTOR = YES;
				GCC_WARN_UNINITIALIZED_AUTOS = YES_AGGRESSIVE;
				GCC_WARN_UNUSED_FUNCTION = YES;
				GCC_WARN_UNUSED_VARIABLE = YES;
				IPHONEOS_DEPLOYMENT_TARGET = 12.2;
				MTL_ENABLE_DEBUG_INFO = NO;
				MTL_FAST_MATH = YES;
				SDKROOT = iphoneos;
				SWIFT_COMPILATION_MODE = wholemodule;
				SWIFT_OPTIMIZATION_LEVEL = "-O";
				VALIDATE_PRODUCT = YES;
			};
			name = Release;
		};
		E26E25F522E569A100D1ADBB /* Debug */ = {
			isa = XCBuildConfiguration;
			baseConfigurationReference = 08F239EB803A0F7290C39C67 /* Pods-ECommerce.debug.xcconfig */;
			buildSettings = {
				ASSETCATALOG_COMPILER_APPICON_NAME = AppIcon;
				CODE_SIGN_IDENTITY = "iPhone Developer";
				CODE_SIGN_STYLE = Automatic;
				DEVELOPMENT_TEAM = "";
				INFOPLIST_FILE = ECommerce/Info.plist;
				IPHONEOS_DEPLOYMENT_TARGET = 12.4;
				LD_RUNPATH_SEARCH_PATHS = (
					"$(inherited)",
					"@executable_path/Frameworks",
				);
				PRODUCT_BUNDLE_IDENTIFIER = com.thegreataboelela.ECommerce;
				PRODUCT_NAME = "$(TARGET_NAME)";
				PROVISIONING_PROFILE_SPECIFIER = "";
				SWIFT_VERSION = 5.0;
				TARGETED_DEVICE_FAMILY = "1,2";
			};
			name = Debug;
		};
		E26E25F622E569A100D1ADBB /* Release */ = {
			isa = XCBuildConfiguration;
			baseConfigurationReference = F708C85DD401FA26A670B703 /* Pods-ECommerce.release.xcconfig */;
			buildSettings = {
				ASSETCATALOG_COMPILER_APPICON_NAME = AppIcon;
				CODE_SIGN_IDENTITY = "iPhone Developer";
				CODE_SIGN_STYLE = Automatic;
				DEVELOPMENT_TEAM = "";
				INFOPLIST_FILE = ECommerce/Info.plist;
				IPHONEOS_DEPLOYMENT_TARGET = 12.4;
				LD_RUNPATH_SEARCH_PATHS = (
					"$(inherited)",
					"@executable_path/Frameworks",
				);
				PRODUCT_BUNDLE_IDENTIFIER = com.thegreataboelela.ECommerce;
				PRODUCT_NAME = "$(TARGET_NAME)";
				PROVISIONING_PROFILE_SPECIFIER = "";
				SWIFT_VERSION = 5.0;
				TARGETED_DEVICE_FAMILY = "1,2";
			};
			name = Release;
		};
/* End XCBuildConfiguration section */

/* Begin XCConfigurationList section */
		E26E25DD22E5699B00D1ADBB /* Build configuration list for PBXProject "ECommerce" */ = {
			isa = XCConfigurationList;
			buildConfigurations = (
				E26E25F222E569A100D1ADBB /* Debug */,
				E26E25F322E569A100D1ADBB /* Release */,
			);
			defaultConfigurationIsVisible = 0;
			defaultConfigurationName = Release;
		};
		E26E25F422E569A100D1ADBB /* Build configuration list for PBXNativeTarget "ECommerce" */ = {
			isa = XCConfigurationList;
			buildConfigurations = (
				E26E25F522E569A100D1ADBB /* Debug */,
				E26E25F622E569A100D1ADBB /* Release */,
			);
			defaultConfigurationIsVisible = 0;
			defaultConfigurationName = Release;
		};
/* End XCConfigurationList section */
	};
	rootObject = E26E25DA22E5699B00D1ADBB /* Project object */;
}
